
Microsoft Visual Studio Solution File, Format Version 12.00
# Visual Studio 15
VisualStudioVersion = 15.0.27703.2035
MinimumVisualStudioVersion = 10.0.40219.1
Project("{FAE04EC0-301F-11D3-BF4B-00C04F79EFBC}") = "ConsoleAppTeamFoundationServer", "ConsoleAppTeamFoundationServer\ConsoleAppTeamFoundationServer.csproj", "{94E6E9C9-97EE-4A1F-9B44-C832F058776F}"
EndProject
Global
	GlobalSection(SolutionConfigurationPlatforms) = preSolution
		Debug|Any CPU = Debug|Any CPU
		Release|Any CPU = Release|Any CPU
	EndGlobalSection
	GlobalSection(ProjectConfigurationPlatforms) = postSolution
		{94E6E9C9-97EE-4A1F-9B44-C832F058776F}.Debug|Any CPU.ActiveCfg = Debug|Any CPU
		{94E6E9C9-97EE-4A1F-9B44-C832F058776F}.Debug|Any CPU.Build.0 = Debug|Any CPU
		{94E6E9C9-97EE-4A1F-9B44-C832F058776F}.Release|Any CPU.ActiveCfg = Release|Any CPU
		{94E6E9C9-97EE-4A1F-9B44-C832F058776F}.Release|Any CPU.Build.0 = Release|Any CPU
	EndGlobalSection
	GlobalSection(SolutionProperties) = preSolution
		HideSolutionNode = FALSE
	EndGlobalSection
	GlobalSection(ExtensibilityGlobals) = postSolution
		SolutionGuid = {1A21E223-773F-4DB1-92FD-6CDE12C8EC74}
	EndGlobalSection
	GlobalSection(TeamFoundationVersionControl) = preSolution
		SccNumberOfProjects = 2
		SccEnterpriseProvider = {4CA58AB2-18FA-4F8D-95D4-32DDF27D184C}
		SccTeamFoundationServer = https://michaelbuchanan23.visualstudio.com/
		SccLocalPath0 = .
		SccProjectUniqueName1 = ConsoleAppTeamFoundationServer\\ConsoleAppTeamFoundationServer.csproj
		SccProjectName1 = ConsoleAppTeamFoundationServer
		SccLocalPath1 = ConsoleAppTeamFoundationServer
	EndGlobalSection
EndGlobal
